
Microsoft Visual Studio Solution File, Format Version 12.00
# Visual Studio Version 17
VisualStudioVersion = 17.1.32407.343
MinimumVisualStudioVersion = 10.0.40219.1
Project("{778DAE3C-4631-46EA-AA77-85C1314464D9}") = "A1_CuPhapBasic", "A1_CuPhapBasic\A1_CuPhapBasic.vbproj", "{BE48E707-9EC8-46EF-8790-A11188DCCD49}"
EndProject
Project("{778DAE3C-4631-46EA-AA77-85C1314464D9}") = "A2_DataTypes", "A2_DataTypes\A2_DataTypes.vbproj", "{C28A11CA-FF8E-4215-B380-C187E4B22D72}"
EndProject
Project("{778DAE3C-4631-46EA-AA77-85C1314464D9}") = "A3_EpKieu", "A3_EpKieu\A3_EpKieu.vbproj", "{595080E1-EED1-4FFC-B32C-A21E65033AFD}"
EndProject
Project("{778DAE3C-4631-46EA-AA77-85C1314464D9}") = "A4_Constants_Enumerations", "A4_Constants_Enumerations\A4_Constants_Enumerations.vbproj", "{E94A096A-2442-42FE-A064-654616C100E1}"
EndProject
Project("{778DAE3C-4631-46EA-AA77-85C1314464D9}") = "A5_Modifiers", "A5_Modifiers\A5_Modifiers.vbproj", "{7601F3B0-FAF8-4775-AA6D-4273EA7188B4}"
EndProject
Project("{778DAE3C-4631-46EA-AA77-85C1314464D9}") = "A6_Operators", "A6_Operators\A6_Operators.vbproj", "{A9CCA9D1-4B9B-46B4-B672-F8CEA6C04731}"
EndProject
Project("{778DAE3C-4631-46EA-AA77-85C1314464D9}") = "A7_Loops", "A7_Loops\A7_Loops.vbproj", "{FEF7768F-0663-4655-A332-0AF927C2C0C1}"
EndProject
Project("{778DAE3C-4631-46EA-AA77-85C1314464D9}") = "A8_Strings", "A8_Strings\A8_Strings.vbproj", "{6E0E1421-4CEB-4F0B-81E9-5B31E6A2417D}"
EndProject
Project("{778DAE3C-4631-46EA-AA77-85C1314464D9}") = "A9_Date_Time", "A9_Date_Time\A9_Date_Time.vbproj", "{3D04463D-079E-4368-BE65-7FEED380FCF1}"
EndProject
Project("{778DAE3C-4631-46EA-AA77-85C1314464D9}") = "B10_Arrays", "B10_Arrays\B10_Arrays.vbproj", "{8D3EA6D2-687A-4E2E-A5E2-648612B0D581}"
EndProject
Project("{778DAE3C-4631-46EA-AA77-85C1314464D9}") = "B11_Collections", "B11_Collections\B11_Collections.vbproj", "{1ECA58CF-4F2D-49DF-B715-21A50846DBDA}"
EndProject
Project("{778DAE3C-4631-46EA-AA77-85C1314464D9}") = "B12_Classes_Objects", "B12_Classes_Objects\B12_Classes_Objects.vbproj", "{7E9361F0-5F35-4101-8BB3-2FAD2C958B4A}"
EndProject
Project("{778DAE3C-4631-46EA-AA77-85C1314464D9}") = "B13_ExceptionHandling", "B13_ExceptionHandling\B13_ExceptionHandling.vbproj", "{5CF6E633-496C-4E78-B828-27755BC76CAF}"
EndProject
Project("{778DAE3C-4631-46EA-AA77-85C1314464D9}") = "B14_FileHandling", "B14_FileHandling\B14_FileHandling.vbproj", "{A9742D87-974D-454C-A3AC-FD1817BEDF53}"
EndProject
Project("{F184B08F-C81C-45F6-A57F-5ABD9991F28F}") = "B15_OOPBasic", "B15_OOPBasic\B15_OOPBasic.vbproj", "{AB7E18C1-F695-4FAB-B9E3-CBBB1B194D9F}"
EndProject
Global
	GlobalSection(SolutionConfigurationPlatforms) = preSolution
		Debug|Any CPU = Debug|Any CPU
		Release|Any CPU = Release|Any CPU
	EndGlobalSection
	GlobalSection(ProjectConfigurationPlatforms) = postSolution
		{BE48E707-9EC8-46EF-8790-A11188DCCD49}.Debug|Any CPU.ActiveCfg = Debug|Any CPU
		{BE48E707-9EC8-46EF-8790-A11188DCCD49}.Debug|Any CPU.Build.0 = Debug|Any CPU
		{BE48E707-9EC8-46EF-8790-A11188DCCD49}.Release|Any CPU.ActiveCfg = Release|Any CPU
		{BE48E707-9EC8-46EF-8790-A11188DCCD49}.Release|Any CPU.Build.0 = Release|Any CPU
		{C28A11CA-FF8E-4215-B380-C187E4B22D72}.Debug|Any CPU.ActiveCfg = Debug|Any CPU
		{C28A11CA-FF8E-4215-B380-C187E4B22D72}.Debug|Any CPU.Build.0 = Debug|Any CPU
		{C28A11CA-FF8E-4215-B380-C187E4B22D72}.Release|Any CPU.ActiveCfg = Release|Any CPU
		{C28A11CA-FF8E-4215-B380-C187E4B22D72}.Release|Any CPU.Build.0 = Release|Any CPU
		{595080E1-EED1-4FFC-B32C-A21E65033AFD}.Debug|Any CPU.ActiveCfg = Debug|Any CPU
		{595080E1-EED1-4FFC-B32C-A21E65033AFD}.Debug|Any CPU.Build.0 = Debug|Any CPU
		{595080E1-EED1-4FFC-B32C-A21E65033AFD}.Release|Any CPU.ActiveCfg = Release|Any CPU
		{595080E1-EED1-4FFC-B32C-A21E65033AFD}.Release|Any CPU.Build.0 = Release|Any CPU
		{E94A096A-2442-42FE-A064-654616C100E1}.Debug|Any CPU.ActiveCfg = Debug|Any CPU
		{E94A096A-2442-42FE-A064-654616C100E1}.Debug|Any CPU.Build.0 = Debug|Any CPU
		{E94A096A-2442-42FE-A064-654616C100E1}.Release|Any CPU.ActiveCfg = Release|Any CPU
		{E94A096A-2442-42FE-A064-654616C100E1}.Release|Any CPU.Build.0 = Release|Any CPU
		{7601F3B0-FAF8-4775-AA6D-4273EA7188B4}.Debug|Any CPU.ActiveCfg = Debug|Any CPU
		{7601F3B0-FAF8-4775-AA6D-4273EA7188B4}.Debug|Any CPU.Build.0 = Debug|Any CPU
		{7601F3B0-FAF8-4775-AA6D-4273EA7188B4}.Release|Any CPU.ActiveCfg = Release|Any CPU
		{7601F3B0-FAF8-4775-AA6D-4273EA7188B4}.Release|Any CPU.Build.0 = Release|Any CPU
		{A9CCA9D1-4B9B-46B4-B672-F8CEA6C04731}.Debug|Any CPU.ActiveCfg = Debug|Any CPU
		{A9CCA9D1-4B9B-46B4-B672-F8CEA6C04731}.Debug|Any CPU.Build.0 = Debug|Any CPU
		{A9CCA9D1-4B9B-46B4-B672-F8CEA6C04731}.Release|Any CPU.ActiveCfg = Release|Any CPU
		{A9CCA9D1-4B9B-46B4-B672-F8CEA6C04731}.Release|Any CPU.Build.0 = Release|Any CPU
		{FEF7768F-0663-4655-A332-0AF927C2C0C1}.Debug|Any CPU.ActiveCfg = Debug|Any CPU
		{FEF7768F-0663-4655-A332-0AF927C2C0C1}.Debug|Any CPU.Build.0 = Debug|Any CPU
		{FEF7768F-0663-4655-A332-0AF927C2C0C1}.Release|Any CPU.ActiveCfg = Release|Any CPU
		{FEF7768F-0663-4655-A332-0AF927C2C0C1}.Release|Any CPU.Build.0 = Release|Any CPU
		{6E0E1421-4CEB-4F0B-81E9-5B31E6A2417D}.Debug|Any CPU.ActiveCfg = Debug|Any CPU
		{6E0E1421-4CEB-4F0B-81E9-5B31E6A2417D}.Debug|Any CPU.Build.0 = Debug|Any CPU
		{6E0E1421-4CEB-4F0B-81E9-5B31E6A2417D}.Release|Any CPU.ActiveCfg = Release|Any CPU
		{6E0E1421-4CEB-4F0B-81E9-5B31E6A2417D}.Release|Any CPU.Build.0 = Release|Any CPU
		{3D04463D-079E-4368-BE65-7FEED380FCF1}.Debug|Any CPU.ActiveCfg = Debug|Any CPU
		{3D04463D-079E-4368-BE65-7FEED380FCF1}.Debug|Any CPU.Build.0 = Debug|Any CPU
		{3D04463D-079E-4368-BE65-7FEED380FCF1}.Release|Any CPU.ActiveCfg = Release|Any CPU
		{3D04463D-079E-4368-BE65-7FEED380FCF1}.Release|Any CPU.Build.0 = Release|Any CPU
		{8D3EA6D2-687A-4E2E-A5E2-648612B0D581}.Debug|Any CPU.ActiveCfg = Debug|Any CPU
		{8D3EA6D2-687A-4E2E-A5E2-648612B0D581}.Debug|Any CPU.Build.0 = Debug|Any CPU
		{8D3EA6D2-687A-4E2E-A5E2-648612B0D581}.Release|Any CPU.ActiveCfg = Release|Any CPU
		{8D3EA6D2-687A-4E2E-A5E2-648612B0D581}.Release|Any CPU.Build.0 = Release|Any CPU
		{1ECA58CF-4F2D-49DF-B715-21A50846DBDA}.Debug|Any CPU.ActiveCfg = Debug|Any CPU
		{1ECA58CF-4F2D-49DF-B715-21A50846DBDA}.Debug|Any CPU.Build.0 = Debug|Any CPU
		{1ECA58CF-4F2D-49DF-B715-21A50846DBDA}.Release|Any CPU.ActiveCfg = Release|Any CPU
		{1ECA58CF-4F2D-49DF-B715-21A50846DBDA}.Release|Any CPU.Build.0 = Release|Any CPU
		{7E9361F0-5F35-4101-8BB3-2FAD2C958B4A}.Debug|Any CPU.ActiveCfg = Debug|Any CPU
		{7E9361F0-5F35-4101-8BB3-2FAD2C958B4A}.Debug|Any CPU.Build.0 = Debug|Any CPU
		{7E9361F0-5F35-4101-8BB3-2FAD2C958B4A}.Release|Any CPU.ActiveCfg = Release|Any CPU
		{7E9361F0-5F35-4101-8BB3-2FAD2C958B4A}.Release|Any CPU.Build.0 = Release|Any CPU
		{5CF6E633-496C-4E78-B828-27755BC76CAF}.Debug|Any CPU.ActiveCfg = Debug|Any CPU
		{5CF6E633-496C-4E78-B828-27755BC76CAF}.Debug|Any CPU.Build.0 = Debug|Any CPU
		{5CF6E633-496C-4E78-B828-27755BC76CAF}.Release|Any CPU.ActiveCfg = Release|Any CPU
		{5CF6E633-496C-4E78-B828-27755BC76CAF}.Release|Any CPU.Build.0 = Release|Any CPU
		{A9742D87-974D-454C-A3AC-FD1817BEDF53}.Debug|Any CPU.ActiveCfg = Debug|Any CPU
		{A9742D87-974D-454C-A3AC-FD1817BEDF53}.Debug|Any CPU.Build.0 = Debug|Any CPU
		{A9742D87-974D-454C-A3AC-FD1817BEDF53}.Release|Any CPU.ActiveCfg = Release|Any CPU
		{A9742D87-974D-454C-A3AC-FD1817BEDF53}.Release|Any CPU.Build.0 = Release|Any CPU
		{AB7E18C1-F695-4FAB-B9E3-CBBB1B194D9F}.Debug|Any CPU.ActiveCfg = Debug|Any CPU
		{AB7E18C1-F695-4FAB-B9E3-CBBB1B194D9F}.Debug|Any CPU.Build.0 = Debug|Any CPU
		{AB7E18C1-F695-4FAB-B9E3-CBBB1B194D9F}.Release|Any CPU.ActiveCfg = Release|Any CPU
		{AB7E18C1-F695-4FAB-B9E3-CBBB1B194D9F}.Release|Any CPU.Build.0 = Release|Any CPU
	EndGlobalSection
	GlobalSection(SolutionProperties) = preSolution
		HideSolutionNode = FALSE
	EndGlobalSection
	GlobalSection(ExtensibilityGlobals) = postSolution
		SolutionGuid = {D2E6EB2A-D7F1-4B27-873F-6930044BF733}
	EndGlobalSection
EndGlobal
